{
  "object": {
    "pins": [
      {
        "package": "CoreGPX",
        "repositoryURL": "https://github.com/vincentneo/CoreGPX.git",
        "state": {
          "branch": "master",
          "revision": "8fe97cbd4021180589f74c901e5b4a04eb5bd966",
          "version": null
        }
      },
      {
        "package": "HCKalmanFilter",
        "repositoryURL": "https://github.com/katoemba/HCKalmanFilter",
        "state": {
          "branch": "master",
          "revision": "1c4ebb34bcf3f2dcfeb20529784fa5eea2138557",
          "version": null
        }
      },
      {
        "package": "HealthKitCombine",
        "repositoryURL": "https://github.com/katoemba/HealthKitCombine.git",
        "state": {
          "branch": "master",
          "revision": "9fac809d53a4d0fc888a54da99a5858906bb7730",
          "version": null
        }
      },
      {
        "package": "KeychainAccess",
        "repositoryURL": "https://github.com/kishikawakatsumi/KeychainAccess.git",
        "state": {
          "branch": null,
          "revision": "3d0ea2c0806791abcc5d7f0d9f62f1cfd4a7264d",
          "version": "4.2.0"
        }
      },
      {
        "package": "Kingfisher",
        "repositoryURL": "https://github.com/onevcat/Kingfisher.git",
        "state": {
          "branch": null,
          "revision": "175eeb4618b0a6ef4d69a7409b6a74ddd235a093",
          "version": "5.15.0"
        }
      },
      {
        "package": "StravaCombine",
        "repositoryURL": "https://github.com/katoemba/StravaCombine.git",
        "state": {
          "branch": "master",
          "revision": "bb68284e893ec5834f33f7b5e90b5b9fb2693308",
          "version": null
        }
      },
      {
        "package": "Surge",
        "repositoryURL": "https://github.com/Jounce/Surge",
        "state": {
          "branch": null,
          "revision": "b9777a8d0c1df1ed0a22d238fb987c60d13513ac",
          "version": "2.3.0"
        }
      }
    ]
  },
  "version": 1
}
