{
  "object": {
    "pins": [
      {
        "package": "App Center",
        "repositoryURL": "https://github.com/microsoft/appcenter-sdk-apple.git",
        "state": {
          "branch": null,
          "revision": "ab06868f0b1901aabed6c8697aaf42e5fd5cd634",
          "version": "3.3.3"
        }
      },
      {
        "package": "CoreGPX",
        "repositoryURL": "https://github.com/vincentneo/CoreGPX.git",
        "state": {
          "branch": "master",
          "revision": "8fe97cbd4021180589f74c901e5b4a04eb5bd966",
          "version": null
        }
      },
      {
        "package": "HCKalmanFilter",
        "repositoryURL": "https://github.com/katoemba/HCKalmanFilter",
        "state": {
          "branch": "master",
          "revision": "1c4ebb34bcf3f2dcfeb20529784fa5eea2138557",
          "version": null
        }
      },
      {
        "package": "HealthKitCombine",
        "repositoryURL": "https://github.com/katoemba/HealthKitCombine.git",
        "state": {
          "branch": "master",
          "revision": "c10fbc71f88af848695a25e9fe7037a1d36c6763",
          "version": null
        }
      },
      {
        "package": "KeychainAccess",
        "repositoryURL": "https://github.com/kishikawakatsumi/KeychainAccess.git",
        "state": {
          "branch": null,
          "revision": "3d0ea2c0806791abcc5d7f0d9f62f1cfd4a7264d",
          "version": "4.2.0"
        }
      },
      {
        "package": "Kingfisher",
        "repositoryURL": "https://github.com/onevcat/Kingfisher.git",
        "state": {
          "branch": null,
          "revision": "175eeb4618b0a6ef4d69a7409b6a74ddd235a093",
          "version": "5.15.0"
        }
      },
      {
        "package": "PLCrashReporter",
        "repositoryURL": "https://github.com/microsoft/plcrashreporter.git",
        "state": {
          "branch": null,
          "revision": "6b7ca9a2faad6ea990ff60b0a3ee4fdf3db59150",
          "version": "1.7.2"
        }
      },
      {
        "package": "StravaCombine",
        "repositoryURL": "https://github.com/katoemba/StravaCombine.git",
        "state": {
          "branch": "master",
          "revision": "1f64cd4a5304e1fd8e70c7f62ffd7a1f65064fad",
          "version": null
        }
      },
      {
        "package": "Surge",
        "repositoryURL": "https://github.com/Jounce/Surge",
        "state": {
          "branch": null,
          "revision": "b9777a8d0c1df1ed0a22d238fb987c60d13513ac",
          "version": "2.3.0"
        }
      }
    ]
  },
  "version": 1
}
